
Microsoft Visual Studio Solution File, Format Version 12.00
# Visual Studio Version 17
VisualStudioVersion = 17.11.35327.3
MinimumVisualStudioVersion = 10.0.40219.1
Project("{FAE04EC0-301F-11D3-BF4B-00C04F79EFBC}") = "RealEstateAPI", "RealEstateAPI\RealEstateAPI.csproj", "{AD13B40B-C44E-4B1E-B3D9-39EE76359B28}"
EndProject
Global
	GlobalSection(SolutionConfigurationPlatforms) = preSolution
		Debug|Any CPU = Debug|Any CPU
		Release|Any CPU = Release|Any CPU
	EndGlobalSection
	GlobalSection(ProjectConfigurationPlatforms) = postSolution
		{AD13B40B-C44E-4B1E-B3D9-39EE76359B28}.Debug|Any CPU.ActiveCfg = Debug|Any CPU
		{AD13B40B-C44E-4B1E-B3D9-39EE76359B28}.Debug|Any CPU.Build.0 = Debug|Any CPU
		{AD13B40B-C44E-4B1E-B3D9-39EE76359B28}.Release|Any CPU.ActiveCfg = Release|Any CPU
		{AD13B40B-C44E-4B1E-B3D9-39EE76359B28}.Release|Any CPU.Build.0 = Release|Any CPU
	EndGlobalSection
	GlobalSection(SolutionProperties) = preSolution
		HideSolutionNode = FALSE
	EndGlobalSection
	GlobalSection(ExtensibilityGlobals) = postSolution
		SolutionGuid = {5E301C39-74B8-4B84-97BA-C0DE62BD0A50}
	EndGlobalSection
EndGlobal
